
Microsoft Visual Studio Solution File, Format Version 12.00
# Visual Studio 15
VisualStudioVersion = 15.0.26730.10
MinimumVisualStudioVersion = 10.0.40219.1
Project("{FAE04EC0-301F-11D3-BF4B-00C04F79EFBC}") = "Mapsui", "Mapsui\Mapsui.csproj", "{A0AE7EF8-5EB2-4A0E-9E42-187511D0A124}"
EndProject
Project("{FAE04EC0-301F-11D3-BF4B-00C04F79EFBC}") = "Mapsui.Geometries", "Mapsui.Geometries\Mapsui.Geometries.csproj", "{24DF27A5-1DD7-4621-83AF-CC5E9D1E56CD}"
EndProject
Project("{FAE04EC0-301F-11D3-BF4B-00C04F79EFBC}") = "Mapsui.Rendering.Skia", "Mapsui.Rendering.Skia\Mapsui.Rendering.Skia.csproj", "{C70D863A-BD4D-4D8A-B2A7-6ECD1BEC15F0}"
EndProject
Global
	GlobalSection(SolutionConfigurationPlatforms) = preSolution
		Debug|Any CPU = Debug|Any CPU
		Release|Any CPU = Release|Any CPU
	EndGlobalSection
	GlobalSection(ProjectConfigurationPlatforms) = postSolution
		{A0AE7EF8-5EB2-4A0E-9E42-187511D0A124}.Debug|Any CPU.ActiveCfg = Debug|Any CPU
		{A0AE7EF8-5EB2-4A0E-9E42-187511D0A124}.Debug|Any CPU.Build.0 = Debug|Any CPU
		{A0AE7EF8-5EB2-4A0E-9E42-187511D0A124}.Release|Any CPU.ActiveCfg = Release|Any CPU
		{A0AE7EF8-5EB2-4A0E-9E42-187511D0A124}.Release|Any CPU.Build.0 = Release|Any CPU
		{24DF27A5-1DD7-4621-83AF-CC5E9D1E56CD}.Debug|Any CPU.ActiveCfg = Debug|Any CPU
		{24DF27A5-1DD7-4621-83AF-CC5E9D1E56CD}.Debug|Any CPU.Build.0 = Debug|Any CPU
		{24DF27A5-1DD7-4621-83AF-CC5E9D1E56CD}.Release|Any CPU.ActiveCfg = Release|Any CPU
		{24DF27A5-1DD7-4621-83AF-CC5E9D1E56CD}.Release|Any CPU.Build.0 = Release|Any CPU
		{C70D863A-BD4D-4D8A-B2A7-6ECD1BEC15F0}.Debug|Any CPU.ActiveCfg = Debug|Any CPU
		{C70D863A-BD4D-4D8A-B2A7-6ECD1BEC15F0}.Debug|Any CPU.Build.0 = Debug|Any CPU
		{C70D863A-BD4D-4D8A-B2A7-6ECD1BEC15F0}.Release|Any CPU.ActiveCfg = Release|Any CPU
		{C70D863A-BD4D-4D8A-B2A7-6ECD1BEC15F0}.Release|Any CPU.Build.0 = Release|Any CPU
	EndGlobalSection
	GlobalSection(SolutionProperties) = preSolution
		HideSolutionNode = FALSE
	EndGlobalSection
	GlobalSection(ExtensibilityGlobals) = postSolution
		SolutionGuid = {BD91D22C-9892-4D4E-B278-D247EE680623}
	EndGlobalSection
EndGlobal
